{
  "originHash" : "87a4696df6aed14ee27be9d093d9c835c94f8bb97135da718dcc21a830d198ec",
  "pins" : [
    {
      "identity" : "librime-xcframework",
      "kind" : "remoteSourceControl",
      "location" : "https://github.com/ghostflyby/librime-xcframework",
      "state" : {
        "revision" : "c3cbebee642a3f880fcd038f03b59842f8a5c7d1",
        "version" : "1.16.1-pack.8"
      }
    },
    {
      "identity" : "swift-syntax",
      "kind" : "remoteSourceControl",
      "location" : "https://github.com/apple/swift-syntax.git",
      "state" : {
        "revision" : "79e4b74a295b6eb74a8b585e3a39d29e70c1dbd1",
        "version" : "603.0.2"
      }
    },
    {
      "identity" : "swiftxpc",
      "kind" : "remoteSourceControl",
      "location" : "https://github.com/ghostflyby/SwiftXPC.git",
      "state" : {
        "revision" : "8dab471fa0e1ec33d77845a4cfcf19841b361c29",
        "version" : "0.3.2"
      }
    }
  ],
  "version" : 3
}
