{
  "originHash" : "df7ad9eaac7f2232a30712768290a5251bf51dda3854d6f17e8bfa9b907571ad",
  "pins" : [
    {
      "identity" : "librime-xcframework",
      "kind" : "remoteSourceControl",
      "location" : "https://github.com/ghostflyby/librime-xcframework",
      "state" : {
        "revision" : "d3e388e9c64c820741f1953275e084a1219dfbc7",
        "version" : "1.17.0-pack.9.0.4"
      }
    },
    {
      "identity" : "swift-syntax",
      "kind" : "remoteSourceControl",
      "location" : "https://github.com/apple/swift-syntax.git",
      "state" : {
        "revision" : "79e4b74a295b6eb74a8b585e3a39d29e70c1dbd1",
        "version" : "603.0.2"
      }
    },
    {
      "identity" : "swiftxpc",
      "kind" : "remoteSourceControl",
      "location" : "https://github.com/ghostflyby/SwiftXPC.git",
      "state" : {
        "revision" : "3a94fba5479c90d039fbb6bf11200a8eaf78acf9",
        "version" : "0.6.1"
      }
    }
  ],
  "version" : 3
}
