// !$*UTF8*$!
{
	archiveVersion = 1;
	classes = {
	};
	objectVersion = 77;
	objects = {

/* Begin PBXBuildFile section */
		00803A4CC6D0387F10B4D01E /* RimeService.green.xpc in CopyFiles */ = {isa = PBXBuildFile; fileRef = CC7830CCE72F0BD7DA55603C /* RimeService.green.xpc */; settings = {ATTRIBUTES = (CodeSignOnCopy, RemoveHeadersOnCopy, ); }; };
		2510A2511B0A21AEC2927EB7 /* RimeService.blue.xpc in CopyFiles */ = {isa = PBXBuildFile; fileRef = AC1CCFB71F530031A8211587 /* RimeService.blue.xpc */; settings = {ATTRIBUTES = (CodeSignOnCopy, RemoveHeadersOnCopy, ); }; };
		5EF8FE58877D1589CE266CBD /* RimeServiceMain.swift in Sources */ = {isa = PBXBuildFile; fileRef = 43CF89FE7FFEFE2C8A98AD63 /* RimeServiceMain.swift */; };
		60530F31E956A202C6554043 /* RimeServiceMain.swift in Sources */ = {isa = PBXBuildFile; fileRef = 43CF89FE7FFEFE2C8A98AD63 /* RimeServiceMain.swift */; };
		9345607834EC48261BB896C0 /* RimeKit in Frameworks */ = {isa = PBXBuildFile; productRef = 07ACB0C416510E16D829B566 /* RimeKit */; };
		A7C5D169D1DCFEDCC13927F6 /* RimeKit in Frameworks */ = {isa = PBXBuildFile; productRef = 96B6DD883017A4F376270E90 /* RimeKit */; };
		B24C3736E60F98C77C1F0AFF /* CicadaApp.swift in Sources */ = {isa = PBXBuildFile; fileRef = 454ECF797864CED6B7CD2E2D /* CicadaApp.swift */; };
		C949567AF84958831A724FB9 /* Assets.xcassets in Resources */ = {isa = PBXBuildFile; fileRef = 11DF74913AF882BC9F3654D6 /* Assets.xcassets */; };
		E2145F37C2016A3ADBDF4B7C /* RimeKit in Frameworks */ = {isa = PBXBuildFile; productRef = AE957111B6DDA7480BCA457C /* RimeKit */; };
/* End PBXBuildFile section */

/* Begin PBXContainerItemProxy section */
		4A38D514C781D6025D9DE296 /* PBXContainerItemProxy */ = {
			isa = PBXContainerItemProxy;
			containerPortal = 14800BBF7013A048425A1E92 /* Project object */;
			proxyType = 1;
			remoteGlobalIDString = 1D301A9946F2DC42F9675711;
			remoteInfo = RimeService.green;
		};
		C9F39867BF269C283C1BAAE9 /* PBXContainerItemProxy */ = {
			isa = PBXContainerItemProxy;
			containerPortal = 14800BBF7013A048425A1E92 /* Project object */;
			proxyType = 1;
			remoteGlobalIDString = A8FB2DB98093FEE6EA389900;
			remoteInfo = RimeService.blue;
		};
/* End PBXContainerItemProxy section */

/* Begin PBXCopyFilesBuildPhase section */
		C84F7E6A6BF88C91EC9A0695 /* CopyFiles */ = {
			isa = PBXCopyFilesBuildPhase;
			buildActionMask = 2147483647;
			dstPath = "$(CONTENTS_FOLDER_PATH)/XPCServices";
			dstSubfolderSpec = 16;
			files = (
				2510A2511B0A21AEC2927EB7 /* RimeService.blue.xpc in CopyFiles */,
				00803A4CC6D0387F10B4D01E /* RimeService.green.xpc in CopyFiles */,
			);
			runOnlyForDeploymentPostprocessing = 0;
		};
/* End PBXCopyFilesBuildPhase section */

/* Begin PBXFileReference section */
		11DF74913AF882BC9F3654D6 /* Assets.xcassets */ = {isa = PBXFileReference; lastKnownFileType = folder.assetcatalog; path = Assets.xcassets; sourceTree = "<group>"; };
		43CF89FE7FFEFE2C8A98AD63 /* RimeServiceMain.swift */ = {isa = PBXFileReference; lastKnownFileType = sourcecode.swift; path = RimeServiceMain.swift; sourceTree = "<group>"; };
		454ECF797864CED6B7CD2E2D /* CicadaApp.swift */ = {isa = PBXFileReference; lastKnownFileType = sourcecode.swift; path = CicadaApp.swift; sourceTree = "<group>"; };
		9C663FB13EEF5FDD127BC458 /* Cicada.app */ = {isa = PBXFileReference; explicitFileType = wrapper.application; includeInIndex = 0; path = Cicada.app; sourceTree = BUILT_PRODUCTS_DIR; };
		AC1CCFB71F530031A8211587 /* RimeService.blue.xpc */ = {isa = PBXFileReference; explicitFileType = "wrapper.xpc-service"; includeInIndex = 0; path = RimeService.blue.xpc; sourceTree = BUILT_PRODUCTS_DIR; };
		AC69C6574E7CD3012188A930 /* Info.plist */ = {isa = PBXFileReference; lastKnownFileType = text.plist; path = Info.plist; sourceTree = "<group>"; };
		C3A41D76F925EB85D87DD558 /* RimeKit */ = {isa = PBXFileReference; lastKnownFileType = folder; name = RimeKit; path = .; sourceTree = SOURCE_ROOT; };
		CC7830CCE72F0BD7DA55603C /* RimeService.green.xpc */ = {isa = PBXFileReference; explicitFileType = "wrapper.xpc-service"; includeInIndex = 0; path = RimeService.green.xpc; sourceTree = BUILT_PRODUCTS_DIR; };
/* End PBXFileReference section */

/* Begin PBXFrameworksBuildPhase section */
		0B906448357667702C0FB113 /* Frameworks */ = {
			isa = PBXFrameworksBuildPhase;
			buildActionMask = 2147483647;
			files = (
				E2145F37C2016A3ADBDF4B7C /* RimeKit in Frameworks */,
			);
			runOnlyForDeploymentPostprocessing = 0;
		};
		9C1505957D23EDBA344E9308 /* Frameworks */ = {
			isa = PBXFrameworksBuildPhase;
			buildActionMask = 2147483647;
			files = (
				A7C5D169D1DCFEDCC13927F6 /* RimeKit in Frameworks */,
			);
			runOnlyForDeploymentPostprocessing = 0;
		};
		C040F033B1C8DF2DB7672992 /* Frameworks */ = {
			isa = PBXFrameworksBuildPhase;
			buildActionMask = 2147483647;
			files = (
				9345607834EC48261BB896C0 /* RimeKit in Frameworks */,
			);
			runOnlyForDeploymentPostprocessing = 0;
		};
/* End PBXFrameworksBuildPhase section */

/* Begin PBXGroup section */
		15ECD16330D6D168583775E6 /* Products */ = {
			isa = PBXGroup;
			children = (
				9C663FB13EEF5FDD127BC458 /* Cicada.app */,
				AC1CCFB71F530031A8211587 /* RimeService.blue.xpc */,
				CC7830CCE72F0BD7DA55603C /* RimeService.green.xpc */,
			);
			name = Products;
			sourceTree = "<group>";
		};
		57FBA0E7E939B674E1E61726 /* Cicada */ = {
			isa = PBXGroup;
			children = (
				11DF74913AF882BC9F3654D6 /* Assets.xcassets */,
				454ECF797864CED6B7CD2E2D /* CicadaApp.swift */,
				AC69C6574E7CD3012188A930 /* Info.plist */,
			);
			path = Cicada;
			sourceTree = "<group>";
		};
		7AA1AE1570A37393B37CDEC2 /* Packages */ = {
			isa = PBXGroup;
			children = (
				C3A41D76F925EB85D87DD558 /* RimeKit */,
			);
			name = Packages;
			sourceTree = "<group>";
		};
		BDE7D3869486DF739938B1BE = {
			isa = PBXGroup;
			children = (
				43CF89FE7FFEFE2C8A98AD63 /* RimeServiceMain.swift */,
				57FBA0E7E939B674E1E61726 /* Cicada */,
				7AA1AE1570A37393B37CDEC2 /* Packages */,
				15ECD16330D6D168583775E6 /* Products */,
			);
			sourceTree = "<group>";
		};
/* End PBXGroup section */

/* Begin PBXNativeTarget section */
		124777041E4254679B8F1E36 /* Cicada */ = {
			isa = PBXNativeTarget;
			buildConfigurationList = 1EB0075F985E6F4A0505539B /* Build configuration list for PBXNativeTarget "Cicada" */;
			buildPhases = (
				4FDB8193BFC408D145666020 /* Sources */,
				617D4FF4DE7DB7A400E78EDB /* Resources */,
				C84F7E6A6BF88C91EC9A0695 /* CopyFiles */,
				9C1505957D23EDBA344E9308 /* Frameworks */,
				80B3611D0E0FF27FDF23E2BB /* 修正 RimeDynamic 浅包布局(嵌入后) */,
			);
			buildRules = (
			);
			dependencies = (
				9814067582BD8771D0743A57 /* PBXTargetDependency */,
				C7919D353E9793A3168C2C17 /* PBXTargetDependency */,
			);
			name = Cicada;
			packageProductDependencies = (
				96B6DD883017A4F376270E90 /* RimeKit */,
			);
			productName = Cicada;
			productReference = 9C663FB13EEF5FDD127BC458 /* Cicada.app */;
			productType = "com.apple.product-type.application";
		};
		1D301A9946F2DC42F9675711 /* RimeService.green */ = {
			isa = PBXNativeTarget;
			buildConfigurationList = 936486F20004A732B00B2363 /* Build configuration list for PBXNativeTarget "RimeService.green" */;
			buildPhases = (
				50EF12C809714EA09850C1F8 /* Sources */,
				0B906448357667702C0FB113 /* Frameworks */,
			);
			buildRules = (
			);
			dependencies = (
			);
			name = RimeService.green;
			packageProductDependencies = (
				AE957111B6DDA7480BCA457C /* RimeKit */,
			);
			productName = RimeService.green;
			productReference = CC7830CCE72F0BD7DA55603C /* RimeService.green.xpc */;
			productType = "com.apple.product-type.xpc-service";
		};
		A8FB2DB98093FEE6EA389900 /* RimeService.blue */ = {
			isa = PBXNativeTarget;
			buildConfigurationList = D65461C9BB7D1868C392142E /* Build configuration list for PBXNativeTarget "RimeService.blue" */;
			buildPhases = (
				99BDBEBA5B5B73A785D57D0F /* Sources */,
				C040F033B1C8DF2DB7672992 /* Frameworks */,
			);
			buildRules = (
			);
			dependencies = (
			);
			name = RimeService.blue;
			packageProductDependencies = (
				07ACB0C416510E16D829B566 /* RimeKit */,
			);
			productName = RimeService.blue;
			productReference = AC1CCFB71F530031A8211587 /* RimeService.blue.xpc */;
			productType = "com.apple.product-type.xpc-service";
		};
/* End PBXNativeTarget section */

/* Begin PBXProject section */
		14800BBF7013A048425A1E92 /* Project object */ = {
			isa = PBXProject;
			attributes = {
				BuildIndependentTargetsInParallel = YES;
				LastUpgradeCheck = 1430;
				TargetAttributes = {
				};
			};
			buildConfigurationList = 6D4CEC91F8F3195FAA393E5F /* Build configuration list for PBXProject "Cicada" */;
			developmentRegion = en;
			hasScannedForEncodings = 0;
			knownRegions = (
				Base,
				en,
			);
			mainGroup = BDE7D3869486DF739938B1BE;
			minimizedProjectReferenceProxies = 1;
			packageReferences = (
				5807BD1519A0EA8E597846E2 /* XCLocalSwiftPackageReference "." */,
			);
			preferredProjectObjectVersion = 77;
			productRefGroup = 15ECD16330D6D168583775E6 /* Products */;
			projectDirPath = "";
			projectRoot = "";
			targets = (
				124777041E4254679B8F1E36 /* Cicada */,
				A8FB2DB98093FEE6EA389900 /* RimeService.blue */,
				1D301A9946F2DC42F9675711 /* RimeService.green */,
			);
		};
/* End PBXProject section */

/* Begin PBXResourcesBuildPhase section */
		617D4FF4DE7DB7A400E78EDB /* Resources */ = {
			isa = PBXResourcesBuildPhase;
			buildActionMask = 2147483647;
			files = (
				C949567AF84958831A724FB9 /* Assets.xcassets in Resources */,
			);
			runOnlyForDeploymentPostprocessing = 0;
		};
/* End PBXResourcesBuildPhase section */

/* Begin PBXShellScriptBuildPhase section */
		80B3611D0E0FF27FDF23E2BB /* 修正 RimeDynamic 浅包布局(嵌入后) */ = {
			isa = PBXShellScriptBuildPhase;
			buildActionMask = 2147483647;
			files = (
			);
			inputFileListPaths = (
			);
			inputPaths = (
			);
			name = "修正 RimeDynamic 浅包布局(嵌入后)";
			outputFileListPaths = (
			);
			outputPaths = (
			);
			runOnlyForDeploymentPostprocessing = 0;
			shellPath = /bin/sh;
			shellScript = "FW=\"${TARGET_BUILD_DIR}/${FRAMEWORKS_FOLDER_PATH}/RimeDynamic.framework\"\n[ -d \"$FW\" ] || exit 0\n[ -e \"$FW/Versions\" ] && exit 0\nmkdir -p \"$FW/Versions/A/Resources\"\nmv \"$FW/RimeDynamic\" \"$FW/Versions/A/RimeDynamic\"\nmv \"$FW/Info.plist\" \"$FW/Versions/A/Resources/Info.plist\"\nfor d in Headers Modules PrivateHeaders; do\n  [ -d \"$FW/$d\" ] && mv \"$FW/$d\" \"$FW/Versions/A/$d\"\ndone\nln -s A \"$FW/Versions/Current\"\nln -s \"Versions/Current/RimeDynamic\" \"$FW/RimeDynamic\"\nln -s \"Versions/Current/Resources\" \"$FW/Resources\"\n";
		};
/* End PBXShellScriptBuildPhase section */

/* Begin PBXSourcesBuildPhase section */
		4FDB8193BFC408D145666020 /* Sources */ = {
			isa = PBXSourcesBuildPhase;
			buildActionMask = 2147483647;
			files = (
				B24C3736E60F98C77C1F0AFF /* CicadaApp.swift in Sources */,
			);
			runOnlyForDeploymentPostprocessing = 0;
		};
		50EF12C809714EA09850C1F8 /* Sources */ = {
			isa = PBXSourcesBuildPhase;
			buildActionMask = 2147483647;
			files = (
				5EF8FE58877D1589CE266CBD /* RimeServiceMain.swift in Sources */,
			);
			runOnlyForDeploymentPostprocessing = 0;
		};
		99BDBEBA5B5B73A785D57D0F /* Sources */ = {
			isa = PBXSourcesBuildPhase;
			buildActionMask = 2147483647;
			files = (
				60530F31E956A202C6554043 /* RimeServiceMain.swift in Sources */,
			);
			runOnlyForDeploymentPostprocessing = 0;
		};
/* End PBXSourcesBuildPhase section */

/* Begin PBXTargetDependency section */
		9814067582BD8771D0743A57 /* PBXTargetDependency */ = {
			isa = PBXTargetDependency;
			target = A8FB2DB98093FEE6EA389900 /* RimeService.blue */;
			targetProxy = C9F39867BF269C283C1BAAE9 /* PBXContainerItemProxy */;
		};
		C7919D353E9793A3168C2C17 /* PBXTargetDependency */ = {
			isa = PBXTargetDependency;
			target = 1D301A9946F2DC42F9675711 /* RimeService.green */;
			targetProxy = 4A38D514C781D6025D9DE296 /* PBXContainerItemProxy */;
		};
/* End PBXTargetDependency section */

/* Begin XCBuildConfiguration section */
		23D5D50D3C7E2B7907FDADB2 /* Release */ = {
			isa = XCBuildConfiguration;
			buildSettings = {
				COMBINE_HIDPI_IMAGES = YES;
				INFOPLIST_FILE = RimeService.green/Info.plist;
				LD_RUNPATH_SEARCH_PATHS = (
					"$(inherited)",
					"@executable_path/../Frameworks",
				);
				PRODUCT_BUNDLE_IDENTIFIER = dev.ghostflyby.RimeService.green;
				SDKROOT = macosx;
			};
			name = Release;
		};
		346532BEFD397AE80A237650 /* Release */ = {
			isa = XCBuildConfiguration;
			buildSettings = {
				ASSETCATALOG_COMPILER_APPICON_NAME = AppIcon;
				COMBINE_HIDPI_IMAGES = YES;
				INFOPLIST_FILE = Cicada/Info.plist;
				LD_RUNPATH_SEARCH_PATHS = (
					"$(inherited)",
					"@executable_path/../Frameworks",
				);
				PRODUCT_BUNDLE_IDENTIFIER = dev.ghostflyby.Cicada;
				SDKROOT = macosx;
				VALIDATE_WORKSPACE = NO;
			};
			name = Release;
		};
		3D16E1DA06A8BA9E0A26BAE2 /* Debug */ = {
			isa = XCBuildConfiguration;
			buildSettings = {
				COMBINE_HIDPI_IMAGES = YES;
				INFOPLIST_FILE = RimeService.blue/Info.plist;
				LD_RUNPATH_SEARCH_PATHS = (
					"$(inherited)",
					"@executable_path/../Frameworks",
				);
				PRODUCT_BUNDLE_IDENTIFIER = dev.ghostflyby.RimeService.blue;
				SDKROOT = macosx;
			};
			name = Debug;
		};
		4896A955FB9B7A1D8D348FFB /* Debug */ = {
			isa = XCBuildConfiguration;
			buildSettings = {
				ASSETCATALOG_COMPILER_APPICON_NAME = AppIcon;
				COMBINE_HIDPI_IMAGES = YES;
				INFOPLIST_FILE = Cicada/Info.plist;
				LD_RUNPATH_SEARCH_PATHS = (
					"$(inherited)",
					"@executable_path/../Frameworks",
				);
				PRODUCT_BUNDLE_IDENTIFIER = dev.ghostflyby.Cicada;
				SDKROOT = macosx;
				VALIDATE_WORKSPACE = NO;
			};
			name = Debug;
		};
		6175129DD38B0EC05C678513 /* Debug */ = {
			isa = XCBuildConfiguration;
			buildSettings = {
				COMBINE_HIDPI_IMAGES = YES;
				INFOPLIST_FILE = RimeService.green/Info.plist;
				LD_RUNPATH_SEARCH_PATHS = (
					"$(inherited)",
					"@executable_path/../Frameworks",
				);
				PRODUCT_BUNDLE_IDENTIFIER = dev.ghostflyby.RimeService.green;
				SDKROOT = macosx;
			};
			name = Debug;
		};
		77F58339CAA6A99337CD5B4B /* Debug */ = {
			isa = XCBuildConfiguration;
			buildSettings = {
				ALWAYS_SEARCH_USER_PATHS = NO;
				CLANG_ANALYZER_NONNULL = YES;
				CLANG_ANALYZER_NUMBER_OBJECT_CONVERSION = YES_AGGRESSIVE;
				CLANG_CXX_LANGUAGE_STANDARD = "gnu++14";
				CLANG_CXX_LIBRARY = "libc++";
				CLANG_ENABLE_MODULES = YES;
				CLANG_ENABLE_OBJC_ARC = YES;
				CLANG_ENABLE_OBJC_WEAK = YES;
				CLANG_WARN_BLOCK_CAPTURE_AUTORELEASING = YES;
				CLANG_WARN_BOOL_CONVERSION = YES;
				CLANG_WARN_COMMA = YES;
				CLANG_WARN_CONSTANT_CONVERSION = YES;
				CLANG_WARN_DEPRECATED_OBJC_IMPLEMENTATIONS = YES;
				CLANG_WARN_DIRECT_OBJC_ISA_USAGE = YES_ERROR;
				CLANG_WARN_DOCUMENTATION_COMMENTS = YES;
				CLANG_WARN_EMPTY_BODY = YES;
				CLANG_WARN_ENUM_CONVERSION = YES;
				CLANG_WARN_INFINITE_RECURSION = YES;
				CLANG_WARN_INT_CONVERSION = YES;
				CLANG_WARN_NON_LITERAL_NULL_CONVERSION = YES;
				CLANG_WARN_OBJC_IMPLICIT_RETAIN_SELF = YES;
				CLANG_WARN_OBJC_LITERAL_CONVERSION = YES;
				CLANG_WARN_OBJC_ROOT_CLASS = YES_ERROR;
				CLANG_WARN_QUOTED_INCLUDE_IN_FRAMEWORK_HEADER = YES;
				CLANG_WARN_RANGE_LOOP_ANALYSIS = YES;
				CLANG_WARN_STRICT_PROTOTYPES = YES;
				CLANG_WARN_SUSPICIOUS_MOVE = YES;
				CLANG_WARN_UNGUARDED_AVAILABILITY = YES_AGGRESSIVE;
				CLANG_WARN_UNREACHABLE_CODE = YES;
				CLANG_WARN__DUPLICATE_METHOD_MATCH = YES;
				COPY_PHASE_STRIP = NO;
				DEBUG_INFORMATION_FORMAT = dwarf;
				ENABLE_STRICT_OBJC_MSGSEND = YES;
				ENABLE_TESTABILITY = YES;
				GCC_C_LANGUAGE_STANDARD = gnu11;
				GCC_DYNAMIC_NO_PIC = NO;
				GCC_NO_COMMON_BLOCKS = YES;
				GCC_OPTIMIZATION_LEVEL = 0;
				GCC_PREPROCESSOR_DEFINITIONS = (
					"$(inherited)",
					"DEBUG=1",
				);
				GCC_WARN_64_TO_32_BIT_CONVERSION = YES;
				GCC_WARN_ABOUT_RETURN_TYPE = YES_ERROR;
				GCC_WARN_UNDECLARED_SELECTOR = YES;
				GCC_WARN_UNINITIALIZED_AUTOS = YES_AGGRESSIVE;
				GCC_WARN_UNUSED_FUNCTION = YES;
				GCC_WARN_UNUSED_VARIABLE = YES;
				MACOSX_DEPLOYMENT_TARGET = 15.0;
				MTL_ENABLE_DEBUG_INFO = INCLUDE_SOURCE;
				MTL_FAST_MATH = YES;
				ONLY_ACTIVE_ARCH = YES;
				PRODUCT_NAME = "$(TARGET_NAME)";
				SDKROOT = macosx;
				SWIFT_ACTIVE_COMPILATION_CONDITIONS = DEBUG;
				SWIFT_OPTIMIZATION_LEVEL = "-Onone";
				SWIFT_VERSION = 5.0;
			};
			name = Debug;
		};
		9B178DD42E837BCEE02AF117 /* Release */ = {
			isa = XCBuildConfiguration;
			buildSettings = {
				COMBINE_HIDPI_IMAGES = YES;
				INFOPLIST_FILE = RimeService.blue/Info.plist;
				LD_RUNPATH_SEARCH_PATHS = (
					"$(inherited)",
					"@executable_path/../Frameworks",
				);
				PRODUCT_BUNDLE_IDENTIFIER = dev.ghostflyby.RimeService.blue;
				SDKROOT = macosx;
			};
			name = Release;
		};
		9CF469A5DB27A108769F2DE1 /* Release */ = {
			isa = XCBuildConfiguration;
			buildSettings = {
				ALWAYS_SEARCH_USER_PATHS = NO;
				CLANG_ANALYZER_NONNULL = YES;
				CLANG_ANALYZER_NUMBER_OBJECT_CONVERSION = YES_AGGRESSIVE;
				CLANG_CXX_LANGUAGE_STANDARD = "gnu++14";
				CLANG_CXX_LIBRARY = "libc++";
				CLANG_ENABLE_MODULES = YES;
				CLANG_ENABLE_OBJC_ARC = YES;
				CLANG_ENABLE_OBJC_WEAK = YES;
				CLANG_WARN_BLOCK_CAPTURE_AUTORELEASING = YES;
				CLANG_WARN_BOOL_CONVERSION = YES;
				CLANG_WARN_COMMA = YES;
				CLANG_WARN_CONSTANT_CONVERSION = YES;
				CLANG_WARN_DEPRECATED_OBJC_IMPLEMENTATIONS = YES;
				CLANG_WARN_DIRECT_OBJC_ISA_USAGE = YES_ERROR;
				CLANG_WARN_DOCUMENTATION_COMMENTS = YES;
				CLANG_WARN_EMPTY_BODY = YES;
				CLANG_WARN_ENUM_CONVERSION = YES;
				CLANG_WARN_INFINITE_RECURSION = YES;
				CLANG_WARN_INT_CONVERSION = YES;
				CLANG_WARN_NON_LITERAL_NULL_CONVERSION = YES;
				CLANG_WARN_OBJC_IMPLICIT_RETAIN_SELF = YES;
				CLANG_WARN_OBJC_LITERAL_CONVERSION = YES;
				CLANG_WARN_OBJC_ROOT_CLASS = YES_ERROR;
				CLANG_WARN_QUOTED_INCLUDE_IN_FRAMEWORK_HEADER = YES;
				CLANG_WARN_RANGE_LOOP_ANALYSIS = YES;
				CLANG_WARN_STRICT_PROTOTYPES = YES;
				CLANG_WARN_SUSPICIOUS_MOVE = YES;
				CLANG_WARN_UNGUARDED_AVAILABILITY = YES_AGGRESSIVE;
				CLANG_WARN_UNREACHABLE_CODE = YES;
				CLANG_WARN__DUPLICATE_METHOD_MATCH = YES;
				COPY_PHASE_STRIP = NO;
				DEBUG_INFORMATION_FORMAT = "dwarf-with-dsym";
				ENABLE_NS_ASSERTIONS = NO;
				ENABLE_STRICT_OBJC_MSGSEND = YES;
				GCC_C_LANGUAGE_STANDARD = gnu11;
				GCC_NO_COMMON_BLOCKS = YES;
				GCC_WARN_64_TO_32_BIT_CONVERSION = YES;
				GCC_WARN_ABOUT_RETURN_TYPE = YES_ERROR;
				GCC_WARN_UNDECLARED_SELECTOR = YES;
				GCC_WARN_UNINITIALIZED_AUTOS = YES_AGGRESSIVE;
				GCC_WARN_UNUSED_FUNCTION = YES;
				GCC_WARN_UNUSED_VARIABLE = YES;
				MACOSX_DEPLOYMENT_TARGET = 15.0;
				MTL_ENABLE_DEBUG_INFO = NO;
				MTL_FAST_MATH = YES;
				PRODUCT_NAME = "$(TARGET_NAME)";
				SDKROOT = macosx;
				SWIFT_COMPILATION_MODE = wholemodule;
				SWIFT_OPTIMIZATION_LEVEL = "-O";
				SWIFT_VERSION = 5.0;
			};
			name = Release;
		};
/* End XCBuildConfiguration section */

/* Begin XCConfigurationList section */
		1EB0075F985E6F4A0505539B /* Build configuration list for PBXNativeTarget "Cicada" */ = {
			isa = XCConfigurationList;
			buildConfigurations = (
				4896A955FB9B7A1D8D348FFB /* Debug */,
				346532BEFD397AE80A237650 /* Release */,
			);
			defaultConfigurationIsVisible = 0;
			defaultConfigurationName = Debug;
		};
		6D4CEC91F8F3195FAA393E5F /* Build configuration list for PBXProject "Cicada" */ = {
			isa = XCConfigurationList;
			buildConfigurations = (
				77F58339CAA6A99337CD5B4B /* Debug */,
				9CF469A5DB27A108769F2DE1 /* Release */,
			);
			defaultConfigurationIsVisible = 0;
			defaultConfigurationName = Debug;
		};
		936486F20004A732B00B2363 /* Build configuration list for PBXNativeTarget "RimeService.green" */ = {
			isa = XCConfigurationList;
			buildConfigurations = (
				6175129DD38B0EC05C678513 /* Debug */,
				23D5D50D3C7E2B7907FDADB2 /* Release */,
			);
			defaultConfigurationIsVisible = 0;
			defaultConfigurationName = Debug;
		};
		D65461C9BB7D1868C392142E /* Build configuration list for PBXNativeTarget "RimeService.blue" */ = {
			isa = XCConfigurationList;
			buildConfigurations = (
				3D16E1DA06A8BA9E0A26BAE2 /* Debug */,
				9B178DD42E837BCEE02AF117 /* Release */,
			);
			defaultConfigurationIsVisible = 0;
			defaultConfigurationName = Debug;
		};
/* End XCConfigurationList section */

/* Begin XCLocalSwiftPackageReference section */
		5807BD1519A0EA8E597846E2 /* XCLocalSwiftPackageReference "." */ = {
			isa = XCLocalSwiftPackageReference;
			relativePath = .;
		};
/* End XCLocalSwiftPackageReference section */

/* Begin XCSwiftPackageProductDependency section */
		07ACB0C416510E16D829B566 /* RimeKit */ = {
			isa = XCSwiftPackageProductDependency;
			productName = RimeKit;
		};
		96B6DD883017A4F376270E90 /* RimeKit */ = {
			isa = XCSwiftPackageProductDependency;
			productName = RimeKit;
		};
		AE957111B6DDA7480BCA457C /* RimeKit */ = {
			isa = XCSwiftPackageProductDependency;
			productName = RimeKit;
		};
/* End XCSwiftPackageProductDependency section */
	};
	rootObject = 14800BBF7013A048425A1E92 /* Project object */;
}
